// !$*UTF8*$!
{
	archiveVersion = 1;
	classes = {
	};
	objectVersion = 48;
	objects = {

/* Begin PBXBuildFile section */
		7832A6FE1FFFE5D60006D126 /* AppDelegate.swift in Sources */ = {isa = PBXBuildFile; fileRef = 7832A6FD1FFFE5D60006D126 /* AppDelegate.swift */; };
		7832A7001FFFE5D60006D126 /* ViewController.swift in Sources */ = {isa = PBXBuildFile; fileRef = 7832A6FF1FFFE5D60006D126 /* ViewController.swift */; };
		7832A7031FFFE5D60006D126 /* Main.storyboard in Resources */ = {isa = PBXBuildFile; fileRef = 7832A7011FFFE5D60006D126 /* Main.storyboard */; };
		7832A7051FFFE5D60006D126 /* Assets.xcassets in Resources */ = {isa = PBXBuildFile; fileRef = 7832A7041FFFE5D60006D126 /* Assets.xcassets */; };
		7832A7081FFFE5D60006D126 /* LaunchScreen.storyboard in Resources */ = {isa = PBXBuildFile; fileRef = 7832A7061FFFE5D60006D126 /* LaunchScreen.storyboard */; };
		7832A7431FFFE6B20006D126 /* Sbirka.framework in Frameworks */ = {isa = PBXBuildFile; fileRef = 7832A7441FFFE6B20006D126 /* Sbirka.framework */; };
/* End PBXBuildFile section */

/* Begin PBXFileReference section */
		7832A6FA1FFFE5D60006D126 /* Sbirka-Example.app */ = {isa = PBXFileReference; explicitFileType = wrapper.application; includeInIndex = 0; path = "Sbirka-Example.app"; sourceTree = BUILT_PRODUCTS_DIR; };
		7832A6FD1FFFE5D60006D126 /* AppDelegate.swift */ = {isa = PBXFileReference; lastKnownFileType = sourcecode.swift; path = AppDelegate.swift; sourceTree = "<group>"; };
		7832A6FF1FFFE5D60006D126 /* ViewController.swift */ = {isa = PBXFileReference; lastKnownFileType = sourcecode.swift; path = ViewController.swift; sourceTree = "<group>"; };
		7832A7021FFFE5D60006D126 /* Base */ = {isa = PBXFileReference; lastKnownFileType = file.storyboard; name = Base; path = Base.lproj/Main.storyboard; sourceTree = "<group>"; };
		7832A7041FFFE5D60006D126 /* Assets.xcassets */ = {isa = PBXFileReference; lastKnownFileType = folder.assetcatalog; path = Assets.xcassets; sourceTree = "<group>"; };
		7832A7071FFFE5D60006D126 /* Base */ = {isa = PBXFileReference; lastKnownFileType = file.storyboard; name = Base; path = Base.lproj/LaunchScreen.storyboard; sourceTree = "<group>"; };
		7832A7091FFFE5D60006D126 /* Info.plist */ = {isa = PBXFileReference; lastKnownFileType = text.plist.xml; path = Info.plist; sourceTree = "<group>"; };
		7832A7441FFFE6B20006D126 /* Sbirka.framework */ = {isa = PBXFileReference; explicitFileType = wrapper.framework; path = Sbirka.framework; sourceTree = BUILT_PRODUCTS_DIR; };
/* End PBXFileReference section */

/* Begin PBXFrameworksBuildPhase section */
		7832A6F71FFFE5D60006D126 /* Frameworks */ = {
			isa = PBXFrameworksBuildPhase;
			buildActionMask = 2147483647;
			files = (
				7832A7431FFFE6B20006D126 /* Sbirka.framework in Frameworks */,
			);
			runOnlyForDeploymentPostprocessing = 0;
		};
/* End PBXFrameworksBuildPhase section */

/* Begin PBXGroup section */
		7832A6F11FFFE5D60006D126 = {
			isa = PBXGroup;
			children = (
				7832A6FC1FFFE5D60006D126 /* Sbirka-Example */,
				7832A6FB1FFFE5D60006D126 /* Products */,
				7832A7421FFFE6B20006D126 /* Frameworks */,
			);
			sourceTree = "<group>";
		};
		7832A6FB1FFFE5D60006D126 /* Products */ = {
			isa = PBXGroup;
			children = (
				7832A6FA1FFFE5D60006D126 /* Sbirka-Example.app */,
			);
			name = Products;
			sourceTree = "<group>";
		};
		7832A6FC1FFFE5D60006D126 /* Sbirka-Example */ = {
			isa = PBXGroup;
			children = (
				7832A6FD1FFFE5D60006D126 /* AppDelegate.swift */,
				7832A6FF1FFFE5D60006D126 /* ViewController.swift */,
				7832A7011FFFE5D60006D126 /* Main.storyboard */,
				7832A7041FFFE5D60006D126 /* Assets.xcassets */,
				7832A7061FFFE5D60006D126 /* LaunchScreen.storyboard */,
				7832A7091FFFE5D60006D126 /* Info.plist */,
			);
			path = "Sbirka-Example";
			sourceTree = "<group>";
		};
		7832A7421FFFE6B20006D126 /* Frameworks */ = {
			isa = PBXGroup;
			children = (
				7832A7441FFFE6B20006D126 /* Sbirka.framework */,
			);
			name = Frameworks;
			sourceTree = "<group>";
		};
/* End PBXGroup section */

/* Begin PBXNativeTarget section */
		7832A6F91FFFE5D60006D126 /* Sbirka-Example */ = {
			isa = PBXNativeTarget;
			buildConfigurationList = 7832A70C1FFFE5D60006D126 /* Build configuration list for PBXNativeTarget "Sbirka-Example" */;
			buildPhases = (
				7832A6F61FFFE5D60006D126 /* Sources */,
				7832A6F71FFFE5D60006D126 /* Frameworks */,
				7832A6F81FFFE5D60006D126 /* Resources */,
			);
			buildRules = (
			);
			dependencies = (
			);
			name = "Sbirka-Example";
			productName = "Sbirka-Example";
			productReference = 7832A6FA1FFFE5D60006D126 /* Sbirka-Example.app */;
			productType = "com.apple.product-type.application";
		};
/* End PBXNativeTarget section */

/* Begin PBXProject section */
		7832A6F21FFFE5D60006D126 /* Project object */ = {
			isa = PBXProject;
			attributes = {
				LastSwiftUpdateCheck = 0920;
				LastUpgradeCheck = 0920;
				ORGANIZATIONNAME = Xuli;
				TargetAttributes = {
					7832A6F91FFFE5D60006D126 = {
						CreatedOnToolsVersion = 9.2;
						ProvisioningStyle = Automatic;
					};
				};
			};
			buildConfigurationList = 7832A6F51FFFE5D60006D126 /* Build configuration list for PBXProject "Sbirka-Example" */;
			compatibilityVersion = "Xcode 8.0";
			developmentRegion = en;
			hasScannedForEncodings = 0;
			knownRegions = (
				en,
				Base,
			);
			mainGroup = 7832A6F11FFFE5D60006D126;
			productRefGroup = 7832A6FB1FFFE5D60006D126 /* Products */;
			projectDirPath = "";
			projectRoot = "";
			targets = (
				7832A6F91FFFE5D60006D126 /* Sbirka-Example */,
			);
		};
/* End PBXProject section */

/* Begin PBXResourcesBuildPhase section */
		7832A6F81FFFE5D60006D126 /* Resources */ = {
			isa = PBXResourcesBuildPhase;
			buildActionMask = 2147483647;
			files = (
				7832A7081FFFE5D60006D126 /* LaunchScreen.storyboard in Resources */,
				7832A7051FFFE5D60006D126 /* Assets.xcassets in Resources */,
				7832A7031FFFE5D60006D126 /* Main.storyboard in Resources */,
			);
			runOnlyForDeploymentPostprocessing = 0;
		};
/* End PBXResourcesBuildPhase section */

/* Begin PBXSourcesBuildPhase section */
		7832A6F61FFFE5D60006D126 /* Sources */ = {
			isa = PBXSourcesBuildPhase;
			buildActionMask = 2147483647;
			files = (
				7832A7001FFFE5D60006D126 /* ViewController.swift in Sources */,
				7832A6FE1FFFE5D60006D126 /* AppDelegate.swift in Sources */,
			);
			runOnlyForDeploymentPostprocessing = 0;
		};
/* End PBXSourcesBuildPhase section */

/* Begin PBXVariantGroup section */
		7832A7011FFFE5D60006D126 /* Main.storyboard */ = {
			isa = PBXVariantGroup;
			children = (
				7832A7021FFFE5D60006D126 /* Base */,
			);
			name = Main.storyboard;
			sourceTree = "<group>";
		};
		7832A7061FFFE5D60006D126 /* LaunchScreen.storyboard */ = {
			isa = PBXVariantGroup;
			children = (
				7832A7071FFFE5D60006D126 /* Base */,
			);
			name = LaunchScreen.storyboard;
			sourceTree = "<group>";
		};
/* End PBXVariantGroup section */

/* Begin XCBuildConfiguration section */
		7832A70A1FFFE5D60006D126 /* Debug */ = {
			isa = XCBuildConfiguration;
			buildSettings = {
				ALWAYS_SEARCH_USER_PATHS = NO;
				CLANG_ANALYZER_NONNULL = YES;
				CLANG_ANALYZER_NUMBER_OBJECT_CONVERSION = YES_AGGRESSIVE;
				CLANG_CXX_LANGUAGE_STANDARD = "gnu++14";
				CLANG_CXX_LIBRARY = "libc++";
				CLANG_ENABLE_MODULES = YES;
				CLANG_ENABLE_OBJC_ARC = YES;
				CLANG_WARN_BLOCK_CAPTURE_AUTORELEASING = YES;
				CLANG_WARN_BOOL_CONVERSION = YES;
				CLANG_WARN_COMMA = YES;
				CLANG_WARN_CONSTANT_CONVERSION = YES;
				CLANG_WARN_DIRECT_OBJC_ISA_USAGE = YES_ERROR;
				CLANG_WARN_DOCUMENTATION_COMMENTS = YES;
				CLANG_WARN_EMPTY_BODY = YES;
				CLANG_WARN_ENUM_CONVERSION = YES;
				CLANG_WARN_INFINITE_RECURSION = YES;
				CLANG_WARN_INT_CONVERSION = YES;
				CLANG_WARN_NON_LITERAL_NULL_CONVERSION = YES;
				CLANG_WARN_OBJC_LITERAL_CONVERSION = YES;
				CLANG_WARN_OBJC_ROOT_CLASS = YES_ERROR;
				CLANG_WARN_RANGE_LOOP_ANALYSIS = YES;
				CLANG_WARN_STRICT_PROTOTYPES = YES;
				CLANG_WARN_SUSPICIOUS_MOVE = YES;
				CLANG_WARN_UNGUARDED_AVAILABILITY = YES_AGGRESSIVE;
				CLANG_WARN_UNREACHABLE_CODE = YES;
				CLANG_WARN__DUPLICATE_METHOD_MATCH = YES;
				CODE_SIGN_IDENTITY = "iPhone Developer";
				COPY_PHASE_STRIP = NO;
				DEBUG_INFORMATION_FORMAT = dwarf;
				ENABLE_STRICT_OBJC_MSGSEND = YES;
				ENABLE_TESTABILITY = YES;
				GCC_C_LANGUAGE_STANDARD = gnu11;
				GCC_DYNAMIC_NO_PIC = NO;
				GCC_NO_COMMON_BLOCKS = YES;
				GCC_OPTIMIZATION_LEVEL = 0;
				GCC_PREPROCESSOR_DEFINITIONS = (
					"DEBUG=1",
					"$(inherited)",
				);
				GCC_WARN_64_TO_32_BIT_CONVERSION = YES;
				GCC_WARN_ABOUT_RETURN_TYPE = YES_ERROR;
				GCC_WARN_UNDECLARED_SELECTOR = YES;
				GCC_WARN_UNINITIALIZED_AUTOS = YES_AGGRESSIVE;
				GCC_WARN_UNUSED_FUNCTION = YES;
				GCC_WARN_UNUSED_VARIABLE = YES;
				IPHONEOS_DEPLOYMENT_TARGET = 11.2;
				MTL_ENABLE_DEBUG_INFO = YES;
				ONLY_ACTIVE_ARCH = YES;
				SDKROOT = iphoneos;
				SWIFT_ACTIVE_COMPILATION_CONDITIONS = DEBUG;
				SWIFT_OPTIMIZATION_LEVEL = "-Onone";
			};
			name = Debug;
		};
		7832A70B1FFFE5D60006D126 /* Release */ = {
			isa = XCBuildConfiguration;
			buildSettings = {
				ALWAYS_SEARCH_USER_PATHS = NO;
				CLANG_ANALYZER_NONNULL = YES;
				CLANG_ANALYZER_NUMBER_OBJECT_CONVERSION = YES_AGGRESSIVE;
				CLANG_CXX_LANGUAGE_STANDARD = "gnu++14";
				CLANG_CXX_LIBRARY = "libc++";
				CLANG_ENABLE_MODULES = YES;
				CLANG_ENABLE_OBJC_ARC = YES;
				CLANG_WARN_BLOCK_CAPTURE_AUTORELEASING = YES;
				CLANG_WARN_BOOL_CONVERSION = YES;
				CLANG_WARN_COMMA = YES;
				CLANG_WARN_CONSTANT_CONVERSION = YES;
				CLANG_WARN_DIRECT_OBJC_ISA_USAGE = YES_ERROR;
				CLANG_WARN_DOCUMENTATION_COMMENTS = YES;
				CLANG_WARN_EMPTY_BODY = YES;
				CLANG_WARN_ENUM_CONVERSION = YES;
				CLANG_WARN_INFINITE_RECURSION = YES;
				CLANG_WARN_INT_CONVERSION = YES;
				CLANG_WARN_NON_LITERAL_NULL_CONVERSION = YES;
				CLANG_WARN_OBJC_LITERAL_CONVERSION = YES;
				CLANG_WARN_OBJC_ROOT_CLASS = YES_ERROR;
				CLANG_WARN_RANGE_LOOP_ANALYSIS = YES;
				CLANG_WARN_STRICT_PROTOTYPES = YES;
				CLANG_WARN_SUSPICIOUS_MOVE = YES;
				CLANG_WARN_UNGUARDED_AVAILABILITY = YES_AGGRESSIVE;
				CLANG_WARN_UNREACHABLE_CODE = YES;
				CLANG_WARN__DUPLICATE_METHOD_MATCH = YES;
				CODE_SIGN_IDENTITY = "iPhone Developer";
				COPY_PHASE_STRIP = NO;
				DEBUG_INFORMATION_FORMAT = "dwarf-with-dsym";
				ENABLE_NS_ASSERTIONS = NO;
				ENABLE_STRICT_OBJC_MSGSEND = YES;
				GCC_C_LANGUAGE_STANDARD = gnu11;
				GCC_NO_COMMON_BLOCKS = YES;
				GCC_WARN_64_TO_32_BIT_CONVERSION = YES;
				GCC_WARN_ABOUT_RETURN_TYPE = YES_ERROR;
				GCC_WARN_UNDECLARED_SELECTOR = YES;
				GCC_WARN_UNINITIALIZED_AUTOS = YES_AGGRESSIVE;
				GCC_WARN_UNUSED_FUNCTION = YES;
				GCC_WARN_UNUSED_VARIABLE = YES;
				IPHONEOS_DEPLOYMENT_TARGET = 11.2;
				MTL_ENABLE_DEBUG_INFO = NO;
				SDKROOT = iphoneos;
				SWIFT_OPTIMIZATION_LEVEL = "-Owholemodule";
				VALIDATE_PRODUCT = YES;
			};
			name = Release;
		};
		7832A70D1FFFE5D60006D126 /* Debug */ = {
			isa = XCBuildConfiguration;
			buildSettings = {
				ASSETCATALOG_COMPILER_APPICON_NAME = AppIcon;
				CODE_SIGN_STYLE = Automatic;
				DEVELOPMENT_TEAM = FZ5F5J33T7;
				INFOPLIST_FILE = "Sbirka-Example/Info.plist";
				LD_RUNPATH_SEARCH_PATHS = "$(inherited) @executable_path/Frameworks";
				PRODUCT_BUNDLE_IDENTIFIER = "com.xuli.Sbirka-Example";
				PRODUCT_NAME = "$(TARGET_NAME)";
				SWIFT_VERSION = 4.0;
				TARGETED_DEVICE_FAMILY = "1,2";
			};
			name = Debug;
		};
		7832A70E1FFFE5D60006D126 /* Release */ = {
			isa = XCBuildConfiguration;
			buildSettings = {
				ASSETCATALOG_COMPILER_APPICON_NAME = AppIcon;
				CODE_SIGN_STYLE = Automatic;
				DEVELOPMENT_TEAM = FZ5F5J33T7;
				INFOPLIST_FILE = "Sbirka-Example/Info.plist";
				LD_RUNPATH_SEARCH_PATHS = "$(inherited) @executable_path/Frameworks";
				PRODUCT_BUNDLE_IDENTIFIER = "com.xuli.Sbirka-Example";
				PRODUCT_NAME = "$(TARGET_NAME)";
				SWIFT_VERSION = 4.0;
				TARGETED_DEVICE_FAMILY = "1,2";
			};
			name = Release;
		};
/* End XCBuildConfiguration section */

/* Begin XCConfigurationList section */
		7832A6F51FFFE5D60006D126 /* Build configuration list for PBXProject "Sbirka-Example" */ = {
			isa = XCConfigurationList;
			buildConfigurations = (
				7832A70A1FFFE5D60006D126 /* Debug */,
				7832A70B1FFFE5D60006D126 /* Release */,
			);
			defaultConfigurationIsVisible = 0;
			defaultConfigurationName = Release;
		};
		7832A70C1FFFE5D60006D126 /* Build configuration list for PBXNativeTarget "Sbirka-Example" */ = {
			isa = XCConfigurationList;
			buildConfigurations = (
				7832A70D1FFFE5D60006D126 /* Debug */,
				7832A70E1FFFE5D60006D126 /* Release */,
			);
			defaultConfigurationIsVisible = 0;
			defaultConfigurationName = Release;
		};
/* End XCConfigurationList section */
	};
	rootObject = 7832A6F21FFFE5D60006D126 /* Project object */;
}
