// !$*UTF8*$!
{
	archiveVersion = 1;
	classes = {
	};
	objectVersion = 48;
	objects = {

/* Begin PBXBuildFile section */
		7832A6571FFBCC070006D126 /* AppDelegate.swift in Sources */ = {isa = PBXBuildFile; fileRef = 7832A6561FFBCC070006D126 /* AppDelegate.swift */; };
		7832A6591FFBCC070006D126 /* ViewController.swift in Sources */ = {isa = PBXBuildFile; fileRef = 7832A6581FFBCC070006D126 /* ViewController.swift */; };
		7832A65C1FFBCC070006D126 /* Main.storyboard in Resources */ = {isa = PBXBuildFile; fileRef = 7832A65A1FFBCC070006D126 /* Main.storyboard */; };
		7832A65E1FFBCC070006D126 /* Assets.xcassets in Resources */ = {isa = PBXBuildFile; fileRef = 7832A65D1FFBCC070006D126 /* Assets.xcassets */; };
		7832A6611FFBCC070006D126 /* LaunchScreen.storyboard in Resources */ = {isa = PBXBuildFile; fileRef = 7832A65F1FFBCC070006D126 /* LaunchScreen.storyboard */; };
		7832A66C1FFBCC070006D126 /* SbirkaTests.swift in Sources */ = {isa = PBXBuildFile; fileRef = 7832A66B1FFBCC070006D126 /* SbirkaTests.swift */; };
		7832A6781FFBCC790006D126 /* SbirkaView.swift in Sources */ = {isa = PBXBuildFile; fileRef = 7832A6771FFBCC790006D126 /* SbirkaView.swift */; };
		7832A67A1FFBD00F0006D126 /* CollectionChanges.swift in Sources */ = {isa = PBXBuildFile; fileRef = 7832A6791FFBD00F0006D126 /* CollectionChanges.swift */; };
		7832A67D1FFBD0850006D126 /* BaseCellViewModel.swift in Sources */ = {isa = PBXBuildFile; fileRef = 7832A67C1FFBD0850006D126 /* BaseCellViewModel.swift */; };
		7832A67F1FFBD0A70006D126 /* CellsRegistrotor.swift in Sources */ = {isa = PBXBuildFile; fileRef = 7832A67E1FFBD0A70006D126 /* CellsRegistrotor.swift */; };
		7832A6811FFBD0DD0006D126 /* BaseCellView.swift in Sources */ = {isa = PBXBuildFile; fileRef = 7832A6801FFBD0DD0006D126 /* BaseCellView.swift */; };
		7832A6831FFBD10F0006D126 /* BaseCollectionCell.swift in Sources */ = {isa = PBXBuildFile; fileRef = 7832A6821FFBD10F0006D126 /* BaseCollectionCell.swift */; };
		7832A6851FFBD1E30006D126 /* BaseCellLayout.swift in Sources */ = {isa = PBXBuildFile; fileRef = 7832A6841FFBD1E30006D126 /* BaseCellLayout.swift */; };
		7832A6881FFBD2200006D126 /* ViewLayout.swift in Sources */ = {isa = PBXBuildFile; fileRef = 7832A6871FFBD2200006D126 /* ViewLayout.swift */; };
		7832A68A1FFBD2440006D126 /* TextLayout.swift in Sources */ = {isa = PBXBuildFile; fileRef = 7832A6891FFBD2440006D126 /* TextLayout.swift */; };
		7832A68C1FFBD25C0006D126 /* AttributedTextLayout.swift in Sources */ = {isa = PBXBuildFile; fileRef = 7832A68B1FFBD25C0006D126 /* AttributedTextLayout.swift */; };
		7832A68E1FFBD2770006D126 /* ImageLayout.swift in Sources */ = {isa = PBXBuildFile; fileRef = 7832A68D1FFBD2770006D126 /* ImageLayout.swift */; };
		7832A6901FFBD2930006D126 /* BezierPathLayout.swift in Sources */ = {isa = PBXBuildFile; fileRef = 7832A68F1FFBD2930006D126 /* BezierPathLayout.swift */; };
		7832A6931FFBD2BA0006D126 /* AutolayoutCellLayout.swift in Sources */ = {isa = PBXBuildFile; fileRef = 7832A6921FFBD2BA0006D126 /* AutolayoutCellLayout.swift */; };
		7832A6951FFBD2CA0006D126 /* BaseAutolayoutCellViewModel.swift in Sources */ = {isa = PBXBuildFile; fileRef = 7832A6941FFBD2CA0006D126 /* BaseAutolayoutCellViewModel.swift */; };
		7832A6981FFBD3340006D126 /* TextCell.swift in Sources */ = {isa = PBXBuildFile; fileRef = 7832A6971FFBD3340006D126 /* TextCell.swift */; };
		7832A69A1FFBD3A60006D126 /* TextCellViewModel.swift in Sources */ = {isa = PBXBuildFile; fileRef = 7832A6991FFBD3A60006D126 /* TextCellViewModel.swift */; };
		7832A69D1FFBD3CC0006D126 /* SpaceCellViewModel.swift in Sources */ = {isa = PBXBuildFile; fileRef = 7832A69C1FFBD3CC0006D126 /* SpaceCellViewModel.swift */; };
		7832A69F1FFBD3E30006D126 /* SpaceCell.swift in Sources */ = {isa = PBXBuildFile; fileRef = 7832A69E1FFBD3E30006D126 /* SpaceCell.swift */; };
		7832A6A11FFC2F340006D126 /* TestViewController.swift in Sources */ = {isa = PBXBuildFile; fileRef = 7832A6A01FFC2F340006D126 /* TestViewController.swift */; };
		7832A6A31FFC31180006D126 /* Identifier.swift in Sources */ = {isa = PBXBuildFile; fileRef = 7832A6A21FFC31180006D126 /* Identifier.swift */; };
		7832A6A51FFC38030006D126 /* SbirkaEmptyViewDelegate.swift in Sources */ = {isa = PBXBuildFile; fileRef = 7832A6A41FFC38030006D126 /* SbirkaEmptyViewDelegate.swift */; };
/* End PBXBuildFile section */

/* Begin PBXContainerItemProxy section */
		7832A6681FFBCC070006D126 /* PBXContainerItemProxy */ = {
			isa = PBXContainerItemProxy;
			containerPortal = 7832A64B1FFBCC070006D126 /* Project object */;
			proxyType = 1;
			remoteGlobalIDString = 7832A6521FFBCC070006D126;
			remoteInfo = Sbirka;
		};
/* End PBXContainerItemProxy section */

/* Begin PBXFileReference section */
		7832A6531FFBCC070006D126 /* Sbirka.app */ = {isa = PBXFileReference; explicitFileType = wrapper.application; includeInIndex = 0; path = Sbirka.app; sourceTree = BUILT_PRODUCTS_DIR; };
		7832A6561FFBCC070006D126 /* AppDelegate.swift */ = {isa = PBXFileReference; lastKnownFileType = sourcecode.swift; path = AppDelegate.swift; sourceTree = "<group>"; };
		7832A6581FFBCC070006D126 /* ViewController.swift */ = {isa = PBXFileReference; lastKnownFileType = sourcecode.swift; path = ViewController.swift; sourceTree = "<group>"; };
		7832A65B1FFBCC070006D126 /* Base */ = {isa = PBXFileReference; lastKnownFileType = file.storyboard; name = Base; path = Base.lproj/Main.storyboard; sourceTree = "<group>"; };
		7832A65D1FFBCC070006D126 /* Assets.xcassets */ = {isa = PBXFileReference; lastKnownFileType = folder.assetcatalog; path = Assets.xcassets; sourceTree = "<group>"; };
		7832A6601FFBCC070006D126 /* Base */ = {isa = PBXFileReference; lastKnownFileType = file.storyboard; name = Base; path = Base.lproj/LaunchScreen.storyboard; sourceTree = "<group>"; };
		7832A6621FFBCC070006D126 /* Info.plist */ = {isa = PBXFileReference; lastKnownFileType = text.plist.xml; path = Info.plist; sourceTree = "<group>"; };
		7832A6671FFBCC070006D126 /* SbirkaTests.xctest */ = {isa = PBXFileReference; explicitFileType = wrapper.cfbundle; includeInIndex = 0; path = SbirkaTests.xctest; sourceTree = BUILT_PRODUCTS_DIR; };
		7832A66B1FFBCC070006D126 /* SbirkaTests.swift */ = {isa = PBXFileReference; lastKnownFileType = sourcecode.swift; path = SbirkaTests.swift; sourceTree = "<group>"; };
		7832A66D1FFBCC070006D126 /* Info.plist */ = {isa = PBXFileReference; lastKnownFileType = text.plist.xml; path = Info.plist; sourceTree = "<group>"; };
		7832A6771FFBCC790006D126 /* SbirkaView.swift */ = {isa = PBXFileReference; lastKnownFileType = sourcecode.swift; path = SbirkaView.swift; sourceTree = "<group>"; };
		7832A6791FFBD00F0006D126 /* CollectionChanges.swift */ = {isa = PBXFileReference; lastKnownFileType = sourcecode.swift; path = CollectionChanges.swift; sourceTree = "<group>"; };
		7832A67C1FFBD0850006D126 /* BaseCellViewModel.swift */ = {isa = PBXFileReference; lastKnownFileType = sourcecode.swift; path = BaseCellViewModel.swift; sourceTree = "<group>"; };
		7832A67E1FFBD0A70006D126 /* CellsRegistrotor.swift */ = {isa = PBXFileReference; lastKnownFileType = sourcecode.swift; path = CellsRegistrotor.swift; sourceTree = "<group>"; };
		7832A6801FFBD0DD0006D126 /* BaseCellView.swift */ = {isa = PBXFileReference; lastKnownFileType = sourcecode.swift; path = BaseCellView.swift; sourceTree = "<group>"; };
		7832A6821FFBD10F0006D126 /* BaseCollectionCell.swift */ = {isa = PBXFileReference; lastKnownFileType = sourcecode.swift; path = BaseCollectionCell.swift; sourceTree = "<group>"; };
		7832A6841FFBD1E30006D126 /* BaseCellLayout.swift */ = {isa = PBXFileReference; lastKnownFileType = sourcecode.swift; path = BaseCellLayout.swift; sourceTree = "<group>"; };
		7832A6871FFBD2200006D126 /* ViewLayout.swift */ = {isa = PBXFileReference; lastKnownFileType = sourcecode.swift; path = ViewLayout.swift; sourceTree = "<group>"; };
		7832A6891FFBD2440006D126 /* TextLayout.swift */ = {isa = PBXFileReference; lastKnownFileType = sourcecode.swift; path = TextLayout.swift; sourceTree = "<group>"; };
		7832A68B1FFBD25C0006D126 /* AttributedTextLayout.swift */ = {isa = PBXFileReference; lastKnownFileType = sourcecode.swift; path = AttributedTextLayout.swift; sourceTree = "<group>"; };
		7832A68D1FFBD2770006D126 /* ImageLayout.swift */ = {isa = PBXFileReference; lastKnownFileType = sourcecode.swift; path = ImageLayout.swift; sourceTree = "<group>"; };
		7832A68F1FFBD2930006D126 /* BezierPathLayout.swift */ = {isa = PBXFileReference; lastKnownFileType = sourcecode.swift; path = BezierPathLayout.swift; sourceTree = "<group>"; };
		7832A6921FFBD2BA0006D126 /* AutolayoutCellLayout.swift */ = {isa = PBXFileReference; lastKnownFileType = sourcecode.swift; path = AutolayoutCellLayout.swift; sourceTree = "<group>"; };
		7832A6941FFBD2CA0006D126 /* BaseAutolayoutCellViewModel.swift */ = {isa = PBXFileReference; lastKnownFileType = sourcecode.swift; path = BaseAutolayoutCellViewModel.swift; sourceTree = "<group>"; };
		7832A6971FFBD3340006D126 /* TextCell.swift */ = {isa = PBXFileReference; lastKnownFileType = sourcecode.swift; path = TextCell.swift; sourceTree = "<group>"; };
		7832A6991FFBD3A60006D126 /* TextCellViewModel.swift */ = {isa = PBXFileReference; lastKnownFileType = sourcecode.swift; path = TextCellViewModel.swift; sourceTree = "<group>"; };
		7832A69C1FFBD3CC0006D126 /* SpaceCellViewModel.swift */ = {isa = PBXFileReference; lastKnownFileType = sourcecode.swift; path = SpaceCellViewModel.swift; sourceTree = "<group>"; };
		7832A69E1FFBD3E30006D126 /* SpaceCell.swift */ = {isa = PBXFileReference; lastKnownFileType = sourcecode.swift; path = SpaceCell.swift; sourceTree = "<group>"; };
		7832A6A01FFC2F340006D126 /* TestViewController.swift */ = {isa = PBXFileReference; lastKnownFileType = sourcecode.swift; path = TestViewController.swift; sourceTree = "<group>"; };
		7832A6A21FFC31180006D126 /* Identifier.swift */ = {isa = PBXFileReference; lastKnownFileType = sourcecode.swift; path = Identifier.swift; sourceTree = "<group>"; };
		7832A6A41FFC38030006D126 /* SbirkaEmptyViewDelegate.swift */ = {isa = PBXFileReference; lastKnownFileType = sourcecode.swift; path = SbirkaEmptyViewDelegate.swift; sourceTree = "<group>"; };
/* End PBXFileReference section */

/* Begin PBXFrameworksBuildPhase section */
		7832A6501FFBCC070006D126 /* Frameworks */ = {
			isa = PBXFrameworksBuildPhase;
			buildActionMask = 2147483647;
			files = (
			);
			runOnlyForDeploymentPostprocessing = 0;
		};
		7832A6641FFBCC070006D126 /* Frameworks */ = {
			isa = PBXFrameworksBuildPhase;
			buildActionMask = 2147483647;
			files = (
			);
			runOnlyForDeploymentPostprocessing = 0;
		};
/* End PBXFrameworksBuildPhase section */

/* Begin PBXGroup section */
		7832A64A1FFBCC070006D126 = {
			isa = PBXGroup;
			children = (
				7832A6551FFBCC070006D126 /* Sbirka */,
				7832A66A1FFBCC070006D126 /* SbirkaTests */,
				7832A6541FFBCC070006D126 /* Products */,
			);
			sourceTree = "<group>";
		};
		7832A6541FFBCC070006D126 /* Products */ = {
			isa = PBXGroup;
			children = (
				7832A6531FFBCC070006D126 /* Sbirka.app */,
				7832A6671FFBCC070006D126 /* SbirkaTests.xctest */,
			);
			name = Products;
			sourceTree = "<group>";
		};
		7832A6551FFBCC070006D126 /* Sbirka */ = {
			isa = PBXGroup;
			children = (
				7832A6761FFBCC6A0006D126 /* Source */,
				7832A6561FFBCC070006D126 /* AppDelegate.swift */,
				7832A6581FFBCC070006D126 /* ViewController.swift */,
				7832A65A1FFBCC070006D126 /* Main.storyboard */,
				7832A65D1FFBCC070006D126 /* Assets.xcassets */,
				7832A65F1FFBCC070006D126 /* LaunchScreen.storyboard */,
				7832A6621FFBCC070006D126 /* Info.plist */,
			);
			path = Sbirka;
			sourceTree = "<group>";
		};
		7832A66A1FFBCC070006D126 /* SbirkaTests */ = {
			isa = PBXGroup;
			children = (
				7832A6A81FFC418E0006D126 /* CollectionChanges */,
				7832A66D1FFBCC070006D126 /* Info.plist */,
			);
			path = SbirkaTests;
			sourceTree = "<group>";
		};
		7832A6761FFBCC6A0006D126 /* Source */ = {
			isa = PBXGroup;
			children = (
				7832A69B1FFBD3C20006D126 /* Space */,
				7832A6961FFBD32D0006D126 /* Cells */,
				7832A67B1FFBD07A0006D126 /* BaseCell */,
				7832A6771FFBCC790006D126 /* SbirkaView.swift */,
				7832A6A41FFC38030006D126 /* SbirkaEmptyViewDelegate.swift */,
				7832A6791FFBD00F0006D126 /* CollectionChanges.swift */,
				7832A67E1FFBD0A70006D126 /* CellsRegistrotor.swift */,
				7832A6A21FFC31180006D126 /* Identifier.swift */,
			);
			path = Source;
			sourceTree = "<group>";
		};
		7832A67B1FFBD07A0006D126 /* BaseCell */ = {
			isa = PBXGroup;
			children = (
				7832A6911FFBD2B20006D126 /* AutoLayout */,
				7832A6861FFBD21A0006D126 /* ViewLayout */,
				7832A67C1FFBD0850006D126 /* BaseCellViewModel.swift */,
				7832A6801FFBD0DD0006D126 /* BaseCellView.swift */,
				7832A6821FFBD10F0006D126 /* BaseCollectionCell.swift */,
				7832A6841FFBD1E30006D126 /* BaseCellLayout.swift */,
			);
			path = BaseCell;
			sourceTree = "<group>";
		};
		7832A6861FFBD21A0006D126 /* ViewLayout */ = {
			isa = PBXGroup;
			children = (
				7832A6871FFBD2200006D126 /* ViewLayout.swift */,
				7832A6891FFBD2440006D126 /* TextLayout.swift */,
				7832A68B1FFBD25C0006D126 /* AttributedTextLayout.swift */,
				7832A68D1FFBD2770006D126 /* ImageLayout.swift */,
				7832A68F1FFBD2930006D126 /* BezierPathLayout.swift */,
			);
			path = ViewLayout;
			sourceTree = "<group>";
		};
		7832A6911FFBD2B20006D126 /* AutoLayout */ = {
			isa = PBXGroup;
			children = (
				7832A6921FFBD2BA0006D126 /* AutolayoutCellLayout.swift */,
				7832A6941FFBD2CA0006D126 /* BaseAutolayoutCellViewModel.swift */,
			);
			path = AutoLayout;
			sourceTree = "<group>";
		};
		7832A6961FFBD32D0006D126 /* Cells */ = {
			isa = PBXGroup;
			children = (
				7832A6971FFBD3340006D126 /* TextCell.swift */,
				7832A6991FFBD3A60006D126 /* TextCellViewModel.swift */,
			);
			path = Cells;
			sourceTree = "<group>";
		};
		7832A69B1FFBD3C20006D126 /* Space */ = {
			isa = PBXGroup;
			children = (
				7832A69C1FFBD3CC0006D126 /* SpaceCellViewModel.swift */,
				7832A69E1FFBD3E30006D126 /* SpaceCell.swift */,
			);
			path = Space;
			sourceTree = "<group>";
		};
		7832A6A81FFC418E0006D126 /* CollectionChanges */ = {
			isa = PBXGroup;
			children = (
				7832A6A01FFC2F340006D126 /* TestViewController.swift */,
				7832A66B1FFBCC070006D126 /* SbirkaTests.swift */,
			);
			path = CollectionChanges;
			sourceTree = "<group>";
		};
/* End PBXGroup section */

/* Begin PBXNativeTarget section */
		7832A6521FFBCC070006D126 /* Sbirka */ = {
			isa = PBXNativeTarget;
			buildConfigurationList = 7832A6701FFBCC070006D126 /* Build configuration list for PBXNativeTarget "Sbirka" */;
			buildPhases = (
				7832A64F1FFBCC070006D126 /* Sources */,
				7832A6501FFBCC070006D126 /* Frameworks */,
				7832A6511FFBCC070006D126 /* Resources */,
			);
			buildRules = (
			);
			dependencies = (
			);
			name = Sbirka;
			productName = Sbirka;
			productReference = 7832A6531FFBCC070006D126 /* Sbirka.app */;
			productType = "com.apple.product-type.application";
		};
		7832A6661FFBCC070006D126 /* SbirkaTests */ = {
			isa = PBXNativeTarget;
			buildConfigurationList = 7832A6731FFBCC070006D126 /* Build configuration list for PBXNativeTarget "SbirkaTests" */;
			buildPhases = (
				7832A6631FFBCC070006D126 /* Sources */,
				7832A6641FFBCC070006D126 /* Frameworks */,
				7832A6651FFBCC070006D126 /* Resources */,
			);
			buildRules = (
			);
			dependencies = (
				7832A6691FFBCC070006D126 /* PBXTargetDependency */,
			);
			name = SbirkaTests;
			productName = SbirkaTests;
			productReference = 7832A6671FFBCC070006D126 /* SbirkaTests.xctest */;
			productType = "com.apple.product-type.bundle.unit-test";
		};
/* End PBXNativeTarget section */

/* Begin PBXProject section */
		7832A64B1FFBCC070006D126 /* Project object */ = {
			isa = PBXProject;
			attributes = {
				LastSwiftUpdateCheck = 0920;
				LastUpgradeCheck = 0920;
				ORGANIZATIONNAME = Xuli;
				TargetAttributes = {
					7832A6521FFBCC070006D126 = {
						CreatedOnToolsVersion = 9.2;
						ProvisioningStyle = Automatic;
					};
					7832A6661FFBCC070006D126 = {
						CreatedOnToolsVersion = 9.2;
						ProvisioningStyle = Automatic;
						TestTargetID = 7832A6521FFBCC070006D126;
					};
				};
			};
			buildConfigurationList = 7832A64E1FFBCC070006D126 /* Build configuration list for PBXProject "Sbirka" */;
			compatibilityVersion = "Xcode 8.0";
			developmentRegion = en;
			hasScannedForEncodings = 0;
			knownRegions = (
				en,
				Base,
			);
			mainGroup = 7832A64A1FFBCC070006D126;
			productRefGroup = 7832A6541FFBCC070006D126 /* Products */;
			projectDirPath = "";
			projectRoot = "";
			targets = (
				7832A6521FFBCC070006D126 /* Sbirka */,
				7832A6661FFBCC070006D126 /* SbirkaTests */,
			);
		};
/* End PBXProject section */

/* Begin PBXResourcesBuildPhase section */
		7832A6511FFBCC070006D126 /* Resources */ = {
			isa = PBXResourcesBuildPhase;
			buildActionMask = 2147483647;
			files = (
				7832A6611FFBCC070006D126 /* LaunchScreen.storyboard in Resources */,
				7832A65E1FFBCC070006D126 /* Assets.xcassets in Resources */,
				7832A65C1FFBCC070006D126 /* Main.storyboard in Resources */,
			);
			runOnlyForDeploymentPostprocessing = 0;
		};
		7832A6651FFBCC070006D126 /* Resources */ = {
			isa = PBXResourcesBuildPhase;
			buildActionMask = 2147483647;
			files = (
			);
			runOnlyForDeploymentPostprocessing = 0;
		};
/* End PBXResourcesBuildPhase section */

/* Begin PBXSourcesBuildPhase section */
		7832A64F1FFBCC070006D126 /* Sources */ = {
			isa = PBXSourcesBuildPhase;
			buildActionMask = 2147483647;
			files = (
				7832A69D1FFBD3CC0006D126 /* SpaceCellViewModel.swift in Sources */,
				7832A68A1FFBD2440006D126 /* TextLayout.swift in Sources */,
				7832A6A51FFC38030006D126 /* SbirkaEmptyViewDelegate.swift in Sources */,
				7832A6931FFBD2BA0006D126 /* AutolayoutCellLayout.swift in Sources */,
				7832A6881FFBD2200006D126 /* ViewLayout.swift in Sources */,
				7832A67F1FFBD0A70006D126 /* CellsRegistrotor.swift in Sources */,
				7832A6781FFBCC790006D126 /* SbirkaView.swift in Sources */,
				7832A68C1FFBD25C0006D126 /* AttributedTextLayout.swift in Sources */,
				7832A6851FFBD1E30006D126 /* BaseCellLayout.swift in Sources */,
				7832A6831FFBD10F0006D126 /* BaseCollectionCell.swift in Sources */,
				7832A6901FFBD2930006D126 /* BezierPathLayout.swift in Sources */,
				7832A6A31FFC31180006D126 /* Identifier.swift in Sources */,
				7832A69F1FFBD3E30006D126 /* SpaceCell.swift in Sources */,
				7832A6591FFBCC070006D126 /* ViewController.swift in Sources */,
				7832A6811FFBD0DD0006D126 /* BaseCellView.swift in Sources */,
				7832A6981FFBD3340006D126 /* TextCell.swift in Sources */,
				7832A6571FFBCC070006D126 /* AppDelegate.swift in Sources */,
				7832A69A1FFBD3A60006D126 /* TextCellViewModel.swift in Sources */,
				7832A67A1FFBD00F0006D126 /* CollectionChanges.swift in Sources */,
				7832A67D1FFBD0850006D126 /* BaseCellViewModel.swift in Sources */,
				7832A6951FFBD2CA0006D126 /* BaseAutolayoutCellViewModel.swift in Sources */,
				7832A68E1FFBD2770006D126 /* ImageLayout.swift in Sources */,
			);
			runOnlyForDeploymentPostprocessing = 0;
		};
		7832A6631FFBCC070006D126 /* Sources */ = {
			isa = PBXSourcesBuildPhase;
			buildActionMask = 2147483647;
			files = (
				7832A6A11FFC2F340006D126 /* TestViewController.swift in Sources */,
				7832A66C1FFBCC070006D126 /* SbirkaTests.swift in Sources */,
			);
			runOnlyForDeploymentPostprocessing = 0;
		};
/* End PBXSourcesBuildPhase section */

/* Begin PBXTargetDependency section */
		7832A6691FFBCC070006D126 /* PBXTargetDependency */ = {
			isa = PBXTargetDependency;
			target = 7832A6521FFBCC070006D126 /* Sbirka */;
			targetProxy = 7832A6681FFBCC070006D126 /* PBXContainerItemProxy */;
		};
/* End PBXTargetDependency section */

/* Begin PBXVariantGroup section */
		7832A65A1FFBCC070006D126 /* Main.storyboard */ = {
			isa = PBXVariantGroup;
			children = (
				7832A65B1FFBCC070006D126 /* Base */,
			);
			name = Main.storyboard;
			sourceTree = "<group>";
		};
		7832A65F1FFBCC070006D126 /* LaunchScreen.storyboard */ = {
			isa = PBXVariantGroup;
			children = (
				7832A6601FFBCC070006D126 /* Base */,
			);
			name = LaunchScreen.storyboard;
			sourceTree = "<group>";
		};
/* End PBXVariantGroup section */

/* Begin XCBuildConfiguration section */
		7832A66E1FFBCC070006D126 /* Debug */ = {
			isa = XCBuildConfiguration;
			buildSettings = {
				ALWAYS_SEARCH_USER_PATHS = NO;
				CLANG_ANALYZER_NONNULL = YES;
				CLANG_ANALYZER_NUMBER_OBJECT_CONVERSION = YES_AGGRESSIVE;
				CLANG_CXX_LANGUAGE_STANDARD = "gnu++14";
				CLANG_CXX_LIBRARY = "libc++";
				CLANG_ENABLE_MODULES = YES;
				CLANG_ENABLE_OBJC_ARC = YES;
				CLANG_WARN_BLOCK_CAPTURE_AUTORELEASING = YES;
				CLANG_WARN_BOOL_CONVERSION = YES;
				CLANG_WARN_COMMA = YES;
				CLANG_WARN_CONSTANT_CONVERSION = YES;
				CLANG_WARN_DIRECT_OBJC_ISA_USAGE = YES_ERROR;
				CLANG_WARN_DOCUMENTATION_COMMENTS = YES;
				CLANG_WARN_EMPTY_BODY = YES;
				CLANG_WARN_ENUM_CONVERSION = YES;
				CLANG_WARN_INFINITE_RECURSION = YES;
				CLANG_WARN_INT_CONVERSION = YES;
				CLANG_WARN_NON_LITERAL_NULL_CONVERSION = YES;
				CLANG_WARN_OBJC_LITERAL_CONVERSION = YES;
				CLANG_WARN_OBJC_ROOT_CLASS = YES_ERROR;
				CLANG_WARN_RANGE_LOOP_ANALYSIS = YES;
				CLANG_WARN_STRICT_PROTOTYPES = YES;
				CLANG_WARN_SUSPICIOUS_MOVE = YES;
				CLANG_WARN_UNGUARDED_AVAILABILITY = YES_AGGRESSIVE;
				CLANG_WARN_UNREACHABLE_CODE = YES;
				CLANG_WARN__DUPLICATE_METHOD_MATCH = YES;
				CODE_SIGN_IDENTITY = "iPhone Developer";
				COPY_PHASE_STRIP = NO;
				DEBUG_INFORMATION_FORMAT = dwarf;
				ENABLE_STRICT_OBJC_MSGSEND = YES;
				ENABLE_TESTABILITY = YES;
				GCC_C_LANGUAGE_STANDARD = gnu11;
				GCC_DYNAMIC_NO_PIC = NO;
				GCC_NO_COMMON_BLOCKS = YES;
				GCC_OPTIMIZATION_LEVEL = 0;
				GCC_PREPROCESSOR_DEFINITIONS = (
					"DEBUG=1",
					"$(inherited)",
				);
				GCC_WARN_64_TO_32_BIT_CONVERSION = YES;
				GCC_WARN_ABOUT_RETURN_TYPE = YES_ERROR;
				GCC_WARN_UNDECLARED_SELECTOR = YES;
				GCC_WARN_UNINITIALIZED_AUTOS = YES_AGGRESSIVE;
				GCC_WARN_UNUSED_FUNCTION = YES;
				GCC_WARN_UNUSED_VARIABLE = YES;
				IPHONEOS_DEPLOYMENT_TARGET = 11.2;
				MTL_ENABLE_DEBUG_INFO = YES;
				ONLY_ACTIVE_ARCH = YES;
				SDKROOT = iphoneos;
				SWIFT_ACTIVE_COMPILATION_CONDITIONS = DEBUG;
				SWIFT_OPTIMIZATION_LEVEL = "-Onone";
			};
			name = Debug;
		};
		7832A66F1FFBCC070006D126 /* Release */ = {
			isa = XCBuildConfiguration;
			buildSettings = {
				ALWAYS_SEARCH_USER_PATHS = NO;
				CLANG_ANALYZER_NONNULL = YES;
				CLANG_ANALYZER_NUMBER_OBJECT_CONVERSION = YES_AGGRESSIVE;
				CLANG_CXX_LANGUAGE_STANDARD = "gnu++14";
				CLANG_CXX_LIBRARY = "libc++";
				CLANG_ENABLE_MODULES = YES;
				CLANG_ENABLE_OBJC_ARC = YES;
				CLANG_WARN_BLOCK_CAPTURE_AUTORELEASING = YES;
				CLANG_WARN_BOOL_CONVERSION = YES;
				CLANG_WARN_COMMA = YES;
				CLANG_WARN_CONSTANT_CONVERSION = YES;
				CLANG_WARN_DIRECT_OBJC_ISA_USAGE = YES_ERROR;
				CLANG_WARN_DOCUMENTATION_COMMENTS = YES;
				CLANG_WARN_EMPTY_BODY = YES;
				CLANG_WARN_ENUM_CONVERSION = YES;
				CLANG_WARN_INFINITE_RECURSION = YES;
				CLANG_WARN_INT_CONVERSION = YES;
				CLANG_WARN_NON_LITERAL_NULL_CONVERSION = YES;
				CLANG_WARN_OBJC_LITERAL_CONVERSION = YES;
				CLANG_WARN_OBJC_ROOT_CLASS = YES_ERROR;
				CLANG_WARN_RANGE_LOOP_ANALYSIS = YES;
				CLANG_WARN_STRICT_PROTOTYPES = YES;
				CLANG_WARN_SUSPICIOUS_MOVE = YES;
				CLANG_WARN_UNGUARDED_AVAILABILITY = YES_AGGRESSIVE;
				CLANG_WARN_UNREACHABLE_CODE = YES;
				CLANG_WARN__DUPLICATE_METHOD_MATCH = YES;
				CODE_SIGN_IDENTITY = "iPhone Developer";
				COPY_PHASE_STRIP = NO;
				DEBUG_INFORMATION_FORMAT = "dwarf-with-dsym";
				ENABLE_NS_ASSERTIONS = NO;
				ENABLE_STRICT_OBJC_MSGSEND = YES;
				GCC_C_LANGUAGE_STANDARD = gnu11;
				GCC_NO_COMMON_BLOCKS = YES;
				GCC_WARN_64_TO_32_BIT_CONVERSION = YES;
				GCC_WARN_ABOUT_RETURN_TYPE = YES_ERROR;
				GCC_WARN_UNDECLARED_SELECTOR = YES;
				GCC_WARN_UNINITIALIZED_AUTOS = YES_AGGRESSIVE;
				GCC_WARN_UNUSED_FUNCTION = YES;
				GCC_WARN_UNUSED_VARIABLE = YES;
				IPHONEOS_DEPLOYMENT_TARGET = 11.2;
				MTL_ENABLE_DEBUG_INFO = NO;
				SDKROOT = iphoneos;
				SWIFT_OPTIMIZATION_LEVEL = "-Owholemodule";
				VALIDATE_PRODUCT = YES;
			};
			name = Release;
		};
		7832A6711FFBCC070006D126 /* Debug */ = {
			isa = XCBuildConfiguration;
			buildSettings = {
				ASSETCATALOG_COMPILER_APPICON_NAME = AppIcon;
				CODE_SIGN_STYLE = Automatic;
				DEVELOPMENT_TEAM = FZ5F5J33T7;
				INFOPLIST_FILE = Sbirka/Info.plist;
				LD_RUNPATH_SEARCH_PATHS = "$(inherited) @executable_path/Frameworks";
				PRODUCT_BUNDLE_IDENTIFIER = com.xuli.Sbirka;
				PRODUCT_NAME = "$(TARGET_NAME)";
				SWIFT_VERSION = 4.0;
				TARGETED_DEVICE_FAMILY = "1,2";
			};
			name = Debug;
		};
		7832A6721FFBCC070006D126 /* Release */ = {
			isa = XCBuildConfiguration;
			buildSettings = {
				ASSETCATALOG_COMPILER_APPICON_NAME = AppIcon;
				CODE_SIGN_STYLE = Automatic;
				DEVELOPMENT_TEAM = FZ5F5J33T7;
				INFOPLIST_FILE = Sbirka/Info.plist;
				LD_RUNPATH_SEARCH_PATHS = "$(inherited) @executable_path/Frameworks";
				PRODUCT_BUNDLE_IDENTIFIER = com.xuli.Sbirka;
				PRODUCT_NAME = "$(TARGET_NAME)";
				SWIFT_VERSION = 4.0;
				TARGETED_DEVICE_FAMILY = "1,2";
			};
			name = Release;
		};
		7832A6741FFBCC070006D126 /* Debug */ = {
			isa = XCBuildConfiguration;
			buildSettings = {
				ALWAYS_EMBED_SWIFT_STANDARD_LIBRARIES = YES;
				BUNDLE_LOADER = "$(TEST_HOST)";
				CODE_SIGN_STYLE = Automatic;
				DEVELOPMENT_TEAM = FZ5F5J33T7;
				INFOPLIST_FILE = SbirkaTests/Info.plist;
				LD_RUNPATH_SEARCH_PATHS = "$(inherited) @executable_path/Frameworks @loader_path/Frameworks";
				PRODUCT_BUNDLE_IDENTIFIER = com.xuli.SbirkaTests;
				PRODUCT_NAME = "$(TARGET_NAME)";
				SWIFT_VERSION = 4.0;
				TARGETED_DEVICE_FAMILY = "1,2";
				TEST_HOST = "$(BUILT_PRODUCTS_DIR)/Sbirka.app/Sbirka";
			};
			name = Debug;
		};
		7832A6751FFBCC070006D126 /* Release */ = {
			isa = XCBuildConfiguration;
			buildSettings = {
				ALWAYS_EMBED_SWIFT_STANDARD_LIBRARIES = YES;
				BUNDLE_LOADER = "$(TEST_HOST)";
				CODE_SIGN_STYLE = Automatic;
				DEVELOPMENT_TEAM = FZ5F5J33T7;
				INFOPLIST_FILE = SbirkaTests/Info.plist;
				LD_RUNPATH_SEARCH_PATHS = "$(inherited) @executable_path/Frameworks @loader_path/Frameworks";
				PRODUCT_BUNDLE_IDENTIFIER = com.xuli.SbirkaTests;
				PRODUCT_NAME = "$(TARGET_NAME)";
				SWIFT_VERSION = 4.0;
				TARGETED_DEVICE_FAMILY = "1,2";
				TEST_HOST = "$(BUILT_PRODUCTS_DIR)/Sbirka.app/Sbirka";
			};
			name = Release;
		};
/* End XCBuildConfiguration section */

/* Begin XCConfigurationList section */
		7832A64E1FFBCC070006D126 /* Build configuration list for PBXProject "Sbirka" */ = {
			isa = XCConfigurationList;
			buildConfigurations = (
				7832A66E1FFBCC070006D126 /* Debug */,
				7832A66F1FFBCC070006D126 /* Release */,
			);
			defaultConfigurationIsVisible = 0;
			defaultConfigurationName = Release;
		};
		7832A6701FFBCC070006D126 /* Build configuration list for PBXNativeTarget "Sbirka" */ = {
			isa = XCConfigurationList;
			buildConfigurations = (
				7832A6711FFBCC070006D126 /* Debug */,
				7832A6721FFBCC070006D126 /* Release */,
			);
			defaultConfigurationIsVisible = 0;
			defaultConfigurationName = Release;
		};
		7832A6731FFBCC070006D126 /* Build configuration list for PBXNativeTarget "SbirkaTests" */ = {
			isa = XCConfigurationList;
			buildConfigurations = (
				7832A6741FFBCC070006D126 /* Debug */,
				7832A6751FFBCC070006D126 /* Release */,
			);
			defaultConfigurationIsVisible = 0;
			defaultConfigurationName = Release;
		};
/* End XCConfigurationList section */
	};
	rootObject = 7832A64B1FFBCC070006D126 /* Project object */;
}
